github.com/ftrvxmtrx/chub v0.0.0-20190907143400-33b3ea45ca46 h1:0MKWmN29eAbria7Idzz7qjOA+xnGipJoQIOnEhiFp44=
github.com/ftrvxmtrx/chub v0.0.0-20190907143400-33b3ea45ca46/go.mod h1:M/aj9MdnxftfbN4VvT2BxO0YNeVRsa2vCMELq6lD6pw=
github.com/gammazero/deque v0.0.0-20190521012701-46e4ffb7a622 h1:lxbhOGZ9pU3Kf8P6lFluUcE82yVZn2EqEf4+mWRNPV0=
github.com/gammazero/deque v0.0.0-20190521012701-46e4ffb7a622/go.mod h1:D90+MBHVc9Sk1lJAbEVgws0eYEurY4mv2TDso3Nxh3w=
github.com/gammazero/workerpool v0.0.0-20190608213748-0ed5e40ec55e h1:fqgNEGLc7p2Rz4xlDHp9WNw/pqqR3c2cLdIC4zASBzU=
github.com/gammazero/workerpool v0.0.0-20190608213748-0ed5e40ec55e/go.mod h1:avlwxCMavNtjwf7NrfnzdIGU3OZYI5D1NFQ2Rn3nHKg=
